
Microsoft Visual Studio Solution File, Format Version 12.00
# Visual Studio 2013
VisualStudioVersion = 12.0.21005.1
MinimumVisualStudioVersion = 10.0.40219.1
Project("{FAE04EC0-301F-11D3-BF4B-00C04F79EFBC}") = "3vikna", "3vikna\3vikna.csproj", "{B4B67AAA-C70F-4C64-9E54-32D4CE66C9F9}"
EndProject
Project("{FAE04EC0-301F-11D3-BF4B-00C04F79EFBC}") = "3vikna.Tests", "3vikna.Tests\3vikna.Tests.csproj", "{2CA11AF9-0B9C-4704-8B72-0130CD8AE430}"
EndProject
Project("{F088123C-0E9E-452A-89E6-6BA2F21D5CAC}") = "ModelingProject1", "ModelingProject1\ModelingProject1.modelproj", "{30C4A437-CF3A-4B71-B505-5863A1A2F809}"
EndProject
Global
	GlobalSection(SolutionConfigurationPlatforms) = preSolution
		Debug|Any CPU = Debug|Any CPU
		Release|Any CPU = Release|Any CPU
	EndGlobalSection
	GlobalSection(ProjectConfigurationPlatforms) = postSolution
		{B4B67AAA-C70F-4C64-9E54-32D4CE66C9F9}.Debug|Any CPU.ActiveCfg = Debug|Any CPU
		{B4B67AAA-C70F-4C64-9E54-32D4CE66C9F9}.Debug|Any CPU.Build.0 = Debug|Any CPU
		{B4B67AAA-C70F-4C64-9E54-32D4CE66C9F9}.Release|Any CPU.ActiveCfg = Release|Any CPU
		{B4B67AAA-C70F-4C64-9E54-32D4CE66C9F9}.Release|Any CPU.Build.0 = Release|Any CPU
		{2CA11AF9-0B9C-4704-8B72-0130CD8AE430}.Debug|Any CPU.ActiveCfg = Debug|Any CPU
		{2CA11AF9-0B9C-4704-8B72-0130CD8AE430}.Debug|Any CPU.Build.0 = Debug|Any CPU
		{2CA11AF9-0B9C-4704-8B72-0130CD8AE430}.Release|Any CPU.ActiveCfg = Release|Any CPU
		{2CA11AF9-0B9C-4704-8B72-0130CD8AE430}.Release|Any CPU.Build.0 = Release|Any CPU
		{30C4A437-CF3A-4B71-B505-5863A1A2F809}.Debug|Any CPU.ActiveCfg = Debug|Any CPU
		{30C4A437-CF3A-4B71-B505-5863A1A2F809}.Debug|Any CPU.Build.0 = Debug|Any CPU
		{30C4A437-CF3A-4B71-B505-5863A1A2F809}.Release|Any CPU.ActiveCfg = Release|Any CPU
		{30C4A437-CF3A-4B71-B505-5863A1A2F809}.Release|Any CPU.Build.0 = Release|Any CPU
	EndGlobalSection
	GlobalSection(SolutionProperties) = preSolution
		HideSolutionNode = FALSE
	EndGlobalSection
EndGlobal
